{
  "name": "screeps.com",
  "lockfileVersion": 2,
  "requires": true,
  "packages": {
    "": {
      "dependencies": {
        "@types/lodash": "^3.10.1",
        "@types/screeps": "^3.2.4"
      },
      "devDependencies": {
        "@types/node": "^17.0.15"
      }
    },
    "node_modules/@types/lodash": {
      "version": "3.10.1",
      "resolved": "https://registry.npmmirror.com/@types/lodash/-/lodash-3.10.1.tgz",
      "integrity": "sha512-1tojbTT6I1uOiQ/982p18YYjZ1PN/zUB2FDCMaFZXIlLoTBHEY6qIV74DDkrmVnregpKuBTGBkJb5v/UzxHyOA=="
    },
    "node_modules/@types/node": {
      "version": "17.0.15",
      "resolved": "https://registry.npmmirror.com/@types/node/-/node-17.0.15.tgz",
      "integrity": "sha512-zWt4SDDv1S9WRBNxLFxFRHxdD9tvH8f5/kg5/IaLFdnSNXsDY4eL3Q3XXN+VxUnWIhyVFDwcsmAprvwXoM/ClA==",
      "dev": true
    },
    "node_modules/@types/screeps": {
      "version": "3.2.4",
      "resolved": "https://registry.npmmirror.com/@types/screeps/-/screeps-3.2.4.tgz",
      "integrity": "sha512-itlqAHdAZ2ZkDFERy3TkmmMIisSXT7tXfEnhhl5N7xNZbNmNs/qgGfCIRchPLIFj0w5EPpj6JurKZ3vpSxaNiQ=="
    }
  },
  "dependencies": {
    "@types/lodash": {
      "version": "3.10.1",
      "resolved": "https://registry.npmmirror.com/@types/lodash/-/lodash-3.10.1.tgz",
      "integrity": "sha512-1tojbTT6I1uOiQ/982p18YYjZ1PN/zUB2FDCMaFZXIlLoTBHEY6qIV74DDkrmVnregpKuBTGBkJb5v/UzxHyOA=="
    },
    "@types/node": {
      "version": "17.0.15",
      "resolved": "https://registry.npmmirror.com/@types/node/-/node-17.0.15.tgz",
      "integrity": "sha512-zWt4SDDv1S9WRBNxLFxFRHxdD9tvH8f5/kg5/IaLFdnSNXsDY4eL3Q3XXN+VxUnWIhyVFDwcsmAprvwXoM/ClA==",
      "dev": true
    },
    "@types/screeps": {
      "version": "3.2.4",
      "resolved": "https://registry.npmmirror.com/@types/screeps/-/screeps-3.2.4.tgz",
      "integrity": "sha512-itlqAHdAZ2ZkDFERy3TkmmMIisSXT7tXfEnhhl5N7xNZbNmNs/qgGfCIRchPLIFj0w5EPpj6JurKZ3vpSxaNiQ=="
    }
  }
}
